[[package]]
name = "aiogram"
version = "2.21"
description = "Is a pretty simple and fully asynchronous framework for Telegram Bot API"
category = "main"
optional = false
python-versions = ">=3.7"

[package.dependencies]
aiohttp = ">=3.8.0,<3.9.0"
Babel = ">=2.9.1,<2.10.0"
certifi = ">=2021.10.8"

[package.extras]
fast = ["uvloop (>=0.16.0,<0.17.0)", "ujson (>=1.35)"]
proxy = ["aiohttp-socks (>=0.5.3,<0.6.0)"]

[[package]]
name = "aiohttp"
version = "3.8.1"
description = "Async http client/server framework (asyncio)"
category = "main"
optional = false
python-versions = ">=3.6"

[package.dependencies]
aiosignal = ">=1.1.2"
async-timeout = ">=4.0.0a3,<5.0"
asynctest = {version = "0.13.0", markers = "python_version < \"3.8\""}
attrs = ">=17.3.0"
charset-normalizer = ">=2.0,<3.0"
frozenlist = ">=1.1.1"
multidict = ">=4.5,<7.0"
typing-extensions = {version = ">=3.7.4", markers = "python_version < \"3.8\""}
yarl = ">=1.0,<2.0"

[package.extras]
speedups = ["aiodns", "brotli", "cchardet"]

[[package]]
name = "aiohttp-cors"
version = "0.7.0"
description = "CORS support for aiohttp"
category = "dev"
optional = false
python-versions = "*"

[package.dependencies]
aiohttp = ">=1.1"

[[package]]
name = "aioredis"
version = "2.0.1"
description = "asyncio (PEP 3156) Redis support"
category = "dev"
optional = false
python-versions = ">=3.6"

[package.dependencies]
async-timeout = "*"
typing-extensions = "*"

[package.extras]
hiredis = ["hiredis (>=1.0)"]

[[package]]
name = "aiosignal"
version = "1.2.0"
description = "aiosignal: a list of registered asynchronous callbacks"
category = "main"
optional = false
python-versions = ">=3.6"

[package.dependencies]
frozenlist = ">=1.1.0"

[[package]]
name = "appdirs"
version = "1.4.4"
description = "A small Python module for determining appropriate platform-specific dirs, e.g. a \"user data dir\"."
category = "dev"
optional = false
python-versions = "*"

[[package]]
name = "async-timeout"
version = "4.0.2"
description = "Timeout context manager for asyncio programs"
category = "main"
optional = false
python-versions = ">=3.6"

[package.dependencies]
typing-extensions = {version = ">=3.6.5", markers = "python_version < \"3.8\""}

[[package]]
name = "asynctest"
version = "0.13.0"
description = "Enhance the standard unittest package with features for testing asyncio libraries"
category = "main"
optional = false
python-versions = ">=3.5"

[[package]]
name = "attrs"
version = "22.1.0"
description = "Classes Without Boilerplate"
category = "main"
optional = false
python-versions = ">=3.5"

[package.extras]
dev = ["coverage[toml] (>=5.0.2)", "hypothesis", "pympler", "pytest (>=4.3.0)", "mypy (>=0.900,!=0.940)", "pytest-mypy-plugins", "zope.interface", "furo", "sphinx", "sphinx-notfound-page", "pre-commit", "cloudpickle"]
docs = ["furo", "sphinx", "zope.interface", "sphinx-notfound-page"]
tests = ["coverage[toml] (>=5.0.2)", "hypothesis", "pympler", "pytest (>=4.3.0)", "mypy (>=0.900,!=0.940)", "pytest-mypy-plugins", "zope.interface", "cloudpickle"]
tests_no_zope = ["coverage[toml] (>=5.0.2)", "hypothesis", "pympler", "pytest (>=4.3.0)", "mypy (>=0.900,!=0.940)", "pytest-mypy-plugins", "cloudpickle"]

[[package]]
name = "babel"
version = "2.9.1"
description = "Internationalization utilities"
category = "main"
optional = false
python-versions = ">=2.7, !=3.0.*, !=3.1.*, !=3.2.*, !=3.3.*"

[package.dependencies]
pytz = ">=2015.7"

[[package]]
name = "black"
version = "20.8b1"
description = "The uncompromising code formatter."
category = "dev"
optional = false
python-versions = ">=3.6"

[package.dependencies]
aiohttp = {version = ">=3.3.2", optional = true, markers = "extra == \"d\""}
aiohttp-cors = {version = "*", optional = true, markers = "extra == \"d\""}
appdirs = "*"
click = ">=7.1.2"
mypy-extensions = ">=0.4.3"
pathspec = ">=0.6,<1"
regex = ">=2020.1.8"
toml = ">=0.10.1"
typed-ast = ">=1.4.0"
typing-extensions = ">=3.7.4"

[package.extras]
colorama = ["colorama (>=0.4.3)"]
d = ["aiohttp (>=3.3.2)", "aiohttp-cors"]

[[package]]
name = "certifi"
version = "2022.6.15"
description = "Python package for providing Mozilla's CA Bundle."
category = "main"
optional = false
python-versions = ">=3.6"

[[package]]
name = "charset-normalizer"
version = "2.1.0"
description = "The Real First Universal Charset Detector. Open, modern and actively maintained alternative to Chardet."
category = "main"
optional = false
python-versions = ">=3.6.0"

[package.extras]
unicode_backport = ["unicodedata2"]

[[package]]
name = "click"
version = "8.1.3"
description = "Composable command line interface toolkit"
category = "dev"
optional = false
python-versions = ">=3.7"

[package.dependencies]
colorama = {version = "*", markers = "platform_system == \"Windows\""}
importlib-metadata = {version = "*", markers = "python_version < \"3.8\""}

[[package]]
name = "colorama"
version = "0.4.5"
description = "Cross-platform colored terminal text."
category = "dev"
optional = false
python-versions = ">=2.7, !=3.0.*, !=3.1.*, !=3.2.*, !=3.3.*, !=3.4.*"

[[package]]
name = "frozenlist"
version = "1.3.1"
description = "A list-like structure which implements collections.abc.MutableSequence"
category = "main"
optional = false
python-versions = ">=3.7"

[[package]]
name = "idna"
version = "3.3"
description = "Internationalized Domain Names in Applications (IDNA)"
category = "main"
optional = false
python-versions = ">=3.5"

[[package]]
name = "importlib-metadata"
version = "4.12.0"
description = "Read metadata from Python packages"
category = "dev"
optional = false
python-versions = ">=3.7"

[package.dependencies]
typing-extensions = {version = ">=3.6.4", markers = "python_version < \"3.8\""}
zipp = ">=0.5"

[package.extras]
docs = ["sphinx", "jaraco.packaging (>=9)", "rst.linker (>=1.9)"]
perf = ["ipython"]
testing = ["pytest (>=6)", "pytest-checkdocs (>=2.4)", "pytest-flake8", "pytest-cov", "pytest-enabler (>=1.3)", "packaging", "pyfakefs", "flufl.flake8", "pytest-perf (>=0.9.2)", "pytest-black (>=0.3.7)", "pytest-mypy (>=0.9.1)", "importlib-resources (>=1.3)"]

[[package]]
name = "multidict"
version = "6.0.2"
description = "multidict implementation"
category = "main"
optional = false
python-versions = ">=3.7"

[[package]]
name = "mypy-extensions"
version = "0.4.3"
description = "Experimental type system extensions for programs checked with the mypy typechecker."
category = "dev"
optional = false
python-versions = "*"

[[package]]
name = "pathspec"
version = "0.9.0"
description = "Utility library for gitignore style pattern matching of file paths."
category = "dev"
optional = false
python-versions = "!=3.0.*,!=3.1.*,!=3.2.*,!=3.3.*,!=3.4.*,>=2.7"

[[package]]
name = "pymongo"
version = "4.2.0"
description = "Python driver for MongoDB <http://www.mongodb.org>"
category = "dev"
optional = false
python-versions = ">=3.7"

[package.extras]
aws = ["pymongo-auth-aws (<2.0.0)"]
encryption = ["pymongocrypt (>=1.3.0,<2.0.0)"]
gssapi = ["pykerberos"]
ocsp = ["pyopenssl (>=17.2.0)", "requests (<3.0.0)", "service-identity (>=18.1.0)", "certifi"]
snappy = ["python-snappy"]
srv = ["dnspython (>=1.16.0,<3.0.0)"]
zstd = ["zstandard"]

[[package]]
name = "pytz"
version = "2022.1"
description = "World timezone definitions, modern and historical"
category = "main"
optional = false
python-versions = "*"

[[package]]
name = "regex"
version = "2022.7.25"
description = "Alternative regular expression module, to replace re."
category = "dev"
optional = false
python-versions = ">=3.6"

[[package]]
name = "toml"
version = "0.10.2"
description = "Python Library for Tom's Obvious, Minimal Language"
category = "dev"
optional = false
python-versions = ">=2.6, !=3.0.*, !=3.1.*, !=3.2.*"

[[package]]
name = "typed-ast"
version = "1.5.4"
description = "a fork of Python 2 and 3 ast modules with type comment support"
category = "dev"
optional = false
python-versions = ">=3.6"

[[package]]
name = "typing-extensions"
version = "4.3.0"
description = "Backported and Experimental Type Hints for Python 3.7+"
category = "main"
optional = false
python-versions = ">=3.7"

[[package]]
name = "yarl"
version = "1.8.1"
description = "Yet another URL library"
category = "main"
optional = false
python-versions = ">=3.7"

[package.dependencies]
idna = ">=2.0"
multidict = ">=4.0"
typing-extensions = {version = ">=3.7.4", markers = "python_version < \"3.8\""}

[[package]]
name = "zipp"
version = "3.8.1"
description = "Backport of pathlib-compatible object wrapper for zip files"
category = "dev"
optional = false
python-versions = ">=3.7"

[package.extras]
docs = ["sphinx", "jaraco.packaging (>=9)", "rst.linker (>=1.9)", "jaraco.tidelift (>=1.4)"]
testing = ["pytest (>=6)", "pytest-checkdocs (>=2.4)", "pytest-flake8", "pytest-cov", "pytest-enabler (>=1.3)", "jaraco.itertools", "func-timeout", "pytest-black (>=0.3.7)", "pytest-mypy (>=0.9.1)"]

[metadata]
lock-version = "1.1"
python-versions = "^3.7"
content-hash = "2a0d3f8771d6f0dfbdaa324d11ff1f764e40ffdb3b2b2e56d51bf94ad6511e1a"

[metadata.files]
aiogram = []
aiohttp = [
    {file = "aiohttp-3.8.1-cp310-cp310-macosx_10_9_universal2.whl", hash = "sha256:1ed0b6477896559f17b9eaeb6d38e07f7f9ffe40b9f0f9627ae8b9926ae260a8"},
    {file = "aiohttp-3.8.1-cp310-cp310-macosx_10_9_x86_64.whl", hash = "sha256:7dadf3c307b31e0e61689cbf9e06be7a867c563d5a63ce9dca578f956609abf8"},
    {file = "aiohttp-3.8.1-cp310-cp310-macosx_11_0_arm64.whl", hash = "sha256:a79004bb58748f31ae1cbe9fa891054baaa46fb106c2dc7af9f8e3304dc30316"},
    {file = "aiohttp-3.8.1-cp310-cp310-manylinux_2_17_aarch64.manylinux2014_aarch64.whl", hash = "sha256:12de6add4038df8f72fac606dff775791a60f113a725c960f2bab01d8b8e6b15"},
    {file = "aiohttp-3.8.1-cp310-cp310-manylinux_2_17_ppc64le.manylinux2014_ppc64le.whl", hash = "sha256:6f0d5f33feb5f69ddd57a4a4bd3d56c719a141080b445cbf18f238973c5c9923"},
    {file = "aiohttp-3.8.1-cp310-cp310-manylinux_2_17_s390x.manylinux2014_s390x.whl", hash = "sha256:eaba923151d9deea315be1f3e2b31cc39a6d1d2f682f942905951f4e40200922"},
    {file = "aiohttp-3.8.1-cp310-cp310-manylinux_2_5_i686.manylinux1_i686.manylinux_2_12_i686.manylinux2010_i686.whl", hash = "sha256:099ebd2c37ac74cce10a3527d2b49af80243e2a4fa39e7bce41617fbc35fa3c1"},
    {file = "aiohttp-3.8.1-cp310-cp310-manylinux_2_5_x86_64.manylinux1_x86_64.manylinux_2_12_x86_64.manylinux2010_x86_64.whl", hash = "sha256:2e5d962cf7e1d426aa0e528a7e198658cdc8aa4fe87f781d039ad75dcd52c516"},
    {file = "aiohttp-3.8.1-cp310-cp310-musllinux_1_1_aarch64.whl", hash = "sha256:fa0ffcace9b3aa34d205d8130f7873fcfefcb6a4dd3dd705b0dab69af6712642"},
    {file = "aiohttp-3.8.1-cp310-cp310-musllinux_1_1_i686.whl", hash = "sha256:61bfc23df345d8c9716d03717c2ed5e27374e0fe6f659ea64edcd27b4b044cf7"},
    {file = "aiohttp-3.8.1-cp310-cp310-musllinux_1_1_ppc64le.whl", hash = "sha256:31560d268ff62143e92423ef183680b9829b1b482c011713ae941997921eebc8"},
    {file = "aiohttp-3.8.1-cp310-cp310-musllinux_1_1_s390x.whl", hash = "sha256:01d7bdb774a9acc838e6b8f1d114f45303841b89b95984cbb7d80ea41172a9e3"},
    {file = "aiohttp-3.8.1-cp310-cp310-musllinux_1_1_x86_64.whl", hash = "sha256:97ef77eb6b044134c0b3a96e16abcb05ecce892965a2124c566af0fd60f717e2"},
    {file = "aiohttp-3.8.1-cp310-cp310-win32.whl", hash = "sha256:c2aef4703f1f2ddc6df17519885dbfa3514929149d3ff900b73f45998f2532fa"},
    {file = "aiohttp-3.8.1-cp310-cp310-win_amd64.whl", hash = "sha256:713ac174a629d39b7c6a3aa757b337599798da4c1157114a314e4e391cd28e32"},
    {file = "aiohttp-3.8.1-cp36-cp36m-macosx_10_9_x86_64.whl", hash = "sha256:473d93d4450880fe278696549f2e7aed8cd23708c3c1997981464475f32137db"},
    {file = "aiohttp-3.8.1-cp36-cp36m-manylinux_2_17_aarch64.manylinux2014_aarch64.whl", hash = "sha256:99b5eeae8e019e7aad8af8bb314fb908dd2e028b3cdaad87ec05095394cce632"},
    {file = "aiohttp-3.8.1-cp36-cp36m-manylinux_2_17_ppc64le.manylinux2014_ppc64le.whl", hash = "sha256:3af642b43ce56c24d063325dd2cf20ee012d2b9ba4c3c008755a301aaea720ad"},
    {file = "aiohttp-3.8.1-cp36-cp36m-manylinux_2_17_s390x.manylinux2014_s390x.whl", hash = "sha256:c3630c3ef435c0a7c549ba170a0633a56e92629aeed0e707fec832dee313fb7a"},
    {file = "aiohttp-3.8.1-cp36-cp36m-manylinux_2_5_i686.manylinux1_i686.manylinux_2_12_i686.manylinux2010_i686.whl", hash = "sha256:4a4a4e30bf1edcad13fb0804300557aedd07a92cabc74382fdd0ba6ca2661091"},
    {file = "aiohttp-3.8.1-cp36-cp36m-manylinux_2_5_x86_64.manylinux1_x86_64.manylinux_2_12_x86_64.manylinux2010_x86_64.whl", hash = "sha256:6f8b01295e26c68b3a1b90efb7a89029110d3a4139270b24fda961893216c440"},
    {file = "aiohttp-3.8.1-cp36-cp36m-musllinux_1_1_aarch64.whl", hash = "sha256:a25fa703a527158aaf10dafd956f7d42ac6d30ec80e9a70846253dd13e2f067b"},
    {file = "aiohttp-3.8.1-cp36-cp36m-musllinux_1_1_i686.whl", hash = "sha256:5bfde62d1d2641a1f5173b8c8c2d96ceb4854f54a44c23102e2ccc7e02f003ec"},
    {file = "aiohttp-3.8.1-cp36-cp36m-musllinux_1_1_ppc64le.whl", hash = "sha256:51467000f3647d519272392f484126aa716f747859794ac9924a7aafa86cd411"},
    {file = "aiohttp-3.8.1-cp36-cp36m-musllinux_1_1_s390x.whl", hash = "sha256:03a6d5349c9ee8f79ab3ff3694d6ce1cfc3ced1c9d36200cb8f08ba06bd3b782"},
    {file = "aiohttp-3.8.1-cp36-cp36m-musllinux_1_1_x86_64.whl", hash = "sha256:102e487eeb82afac440581e5d7f8f44560b36cf0bdd11abc51a46c1cd88914d4"},
    {file = "aiohttp-3.8.1-cp36-cp36m-win32.whl", hash = "sha256:4aed991a28ea3ce320dc8ce655875e1e00a11bdd29fe9444dd4f88c30d558602"},
    {file = "aiohttp-3.8.1-cp36-cp36m-win_amd64.whl", hash = "sha256:b0e20cddbd676ab8a64c774fefa0ad787cc506afd844de95da56060348021e96"},
    {file = "aiohttp-3.8.1-cp37-cp37m-macosx_10_9_x86_64.whl", hash = "sha256:37951ad2f4a6df6506750a23f7cbabad24c73c65f23f72e95897bb2cecbae676"},
    {file = "aiohttp-3.8.1-cp37-cp37m-manylinux_2_17_aarch64.manylinux2014_aarch64.whl", hash = "sha256:5c23b1ad869653bc818e972b7a3a79852d0e494e9ab7e1a701a3decc49c20d51"},
    {file = "aiohttp-3.8.1-cp37-cp37m-manylinux_2_17_ppc64le.manylinux2014_ppc64le.whl", hash = "sha256:15b09b06dae900777833fe7fc4b4aa426556ce95847a3e8d7548e2d19e34edb8"},
    {file = "aiohttp-3.8.1-cp37-cp37m-manylinux_2_17_s390x.manylinux2014_s390x.whl", hash = "sha256:477c3ea0ba410b2b56b7efb072c36fa91b1e6fc331761798fa3f28bb224830dd"},
    {file = "aiohttp-3.8.1-cp37-cp37m-manylinux_2_5_i686.manylinux1_i686.manylinux_2_12_i686.manylinux2010_i686.whl", hash = "sha256:2f2f69dca064926e79997f45b2f34e202b320fd3782f17a91941f7eb85502ee2"},
    {file = "aiohttp-3.8.1-cp37-cp37m-manylinux_2_5_x86_64.manylinux1_x86_64.manylinux_2_12_x86_64.manylinux2010_x86_64.whl", hash = "sha256:ef9612483cb35171d51d9173647eed5d0069eaa2ee812793a75373447d487aa4"},
    {file = "aiohttp-3.8.1-cp37-cp37m-musllinux_1_1_aarch64.whl", hash = "sha256:6d69f36d445c45cda7b3b26afef2fc34ef5ac0cdc75584a87ef307ee3c8c6d00"},
    {file = "aiohttp-3.8.1-cp37-cp37m-musllinux_1_1_i686.whl", hash = "sha256:55c3d1072704d27401c92339144d199d9de7b52627f724a949fc7d5fc56d8b93"},
    {file = "aiohttp-3.8.1-cp37-cp37m-musllinux_1_1_ppc64le.whl", hash = "sha256:b9d00268fcb9f66fbcc7cd9fe423741d90c75ee029a1d15c09b22d23253c0a44"},
    {file = "aiohttp-3.8.1-cp37-cp37m-musllinux_1_1_s390x.whl", hash = "sha256:07b05cd3305e8a73112103c834e91cd27ce5b4bd07850c4b4dbd1877d3f45be7"},
    {file = "aiohttp-3.8.1-cp37-cp37m-musllinux_1_1_x86_64.whl", hash = "sha256:c34dc4958b232ef6188c4318cb7b2c2d80521c9a56c52449f8f93ab7bc2a8a1c"},
    {file = "aiohttp-3.8.1-cp37-cp37m-win32.whl", hash = "sha256:d2f9b69293c33aaa53d923032fe227feac867f81682f002ce33ffae978f0a9a9"},
    {file = "aiohttp-3.8.1-cp37-cp37m-win_amd64.whl", hash = "sha256:6ae828d3a003f03ae31915c31fa684b9890ea44c9c989056fea96e3d12a9fa17"},
    {file = "aiohttp-3.8.1-cp38-cp38-macosx_10_9_universal2.whl", hash = "sha256:0c7ebbbde809ff4e970824b2b6cb7e4222be6b95a296e46c03cf050878fc1785"},
    {file = "aiohttp-3.8.1-cp38-cp38-macosx_10_9_x86_64.whl", hash = "sha256:8b7ef7cbd4fec9a1e811a5de813311ed4f7ac7d93e0fda233c9b3e1428f7dd7b"},
    {file = "aiohttp-3.8.1-cp38-cp38-macosx_11_0_arm64.whl", hash = "sha256:c3d6a4d0619e09dcd61021debf7059955c2004fa29f48788a3dfaf9c9901a7cd"},
    {file = "aiohttp-3.8.1-cp38-cp38-manylinux_2_17_aarch64.manylinux2014_aarch64.whl", hash = "sha256:718626a174e7e467f0558954f94af117b7d4695d48eb980146016afa4b580b2e"},
    {file = "aiohttp-3.8.1-cp38-cp38-manylinux_2_17_ppc64le.manylinux2014_ppc64le.whl", hash = "sha256:589c72667a5febd36f1315aa6e5f56dd4aa4862df295cb51c769d16142ddd7cd"},
    {file = "aiohttp-3.8.1-cp38-cp38-manylinux_2_17_s390x.manylinux2014_s390x.whl", hash = "sha256:2ed076098b171573161eb146afcb9129b5ff63308960aeca4b676d9d3c35e700"},
    {file = "aiohttp-3.8.1-cp38-cp38-manylinux_2_5_i686.manylinux1_i686.manylinux_2_12_i686.manylinux2010_i686.whl", hash = "sha256:086f92daf51a032d062ec5f58af5ca6a44d082c35299c96376a41cbb33034675"},
    {file = "aiohttp-3.8.1-cp38-cp38-manylinux_2_5_x86_64.manylinux1_x86_64.manylinux_2_12_x86_64.manylinux2010_x86_64.whl", hash = "sha256:11691cf4dc5b94236ccc609b70fec991234e7ef8d4c02dd0c9668d1e486f5abf"},
    {file = "aiohttp-3.8.1-cp38-cp38-musllinux_1_1_aarch64.whl", hash = "sha256:31d1e1c0dbf19ebccbfd62eff461518dcb1e307b195e93bba60c965a4dcf1ba0"},
    {file = "aiohttp-3.8.1-cp38-cp38-musllinux_1_1_i686.whl", hash = "sha256:11a67c0d562e07067c4e86bffc1553f2cf5b664d6111c894671b2b8712f3aba5"},
    {file = "aiohttp-3.8.1-cp38-cp38-musllinux_1_1_ppc64le.whl", hash = "sha256:bb01ba6b0d3f6c68b89fce7305080145d4877ad3acaed424bae4d4ee75faa950"},
    {file = "aiohttp-3.8.1-cp38-cp38-musllinux_1_1_s390x.whl", hash = "sha256:44db35a9e15d6fe5c40d74952e803b1d96e964f683b5a78c3cc64eb177878155"},
    {file = "aiohttp-3.8.1-cp38-cp38-musllinux_1_1_x86_64.whl", hash = "sha256:844a9b460871ee0a0b0b68a64890dae9c415e513db0f4a7e3cab41a0f2fedf33"},
    {file = "aiohttp-3.8.1-cp38-cp38-win32.whl", hash = "sha256:7d08744e9bae2ca9c382581f7dce1273fe3c9bae94ff572c3626e8da5b193c6a"},
    {file = "aiohttp-3.8.1-cp38-cp38-win_amd64.whl", hash = "sha256:04d48b8ce6ab3cf2097b1855e1505181bdd05586ca275f2505514a6e274e8e75"},
    {file = "aiohttp-3.8.1-cp39-cp39-macosx_10_9_universal2.whl", hash = "sha256:f5315a2eb0239185af1bddb1abf472d877fede3cc8d143c6cddad37678293237"},
    {file = "aiohttp-3.8.1-cp39-cp39-macosx_10_9_x86_64.whl", hash = "sha256:a996d01ca39b8dfe77440f3cd600825d05841088fd6bc0144cc6c2ec14cc5f74"},
    {file = "aiohttp-3.8.1-cp39-cp39-macosx_11_0_arm64.whl", hash = "sha256:13487abd2f761d4be7c8ff9080de2671e53fff69711d46de703c310c4c9317ca"},
    {file = "aiohttp-3.8.1-cp39-cp39-manylinux_2_17_aarch64.manylinux2014_aarch64.whl", hash = "sha256:ea302f34477fda3f85560a06d9ebdc7fa41e82420e892fc50b577e35fc6a50b2"},
    {file = "aiohttp-3.8.1-cp39-cp39-manylinux_2_17_ppc64le.manylinux2014_ppc64le.whl", hash = "sha256:a2f635ce61a89c5732537a7896b6319a8fcfa23ba09bec36e1b1ac0ab31270d2"},
    {file = "aiohttp-3.8.1-cp39-cp39-manylinux_2_17_s390x.manylinux2014_s390x.whl", hash = "sha256:e999f2d0e12eea01caeecb17b653f3713d758f6dcc770417cf29ef08d3931421"},
    {file = "aiohttp-3.8.1-cp39-cp39-manylinux_2_5_i686.manylinux1_i686.manylinux_2_12_i686.manylinux2010_i686.whl", hash = "sha256:0770e2806a30e744b4e21c9d73b7bee18a1cfa3c47991ee2e5a65b887c49d5cf"},
    {file = "aiohttp-3.8.1-cp39-cp39-manylinux_2_5_x86_64.manylinux1_x86_64.manylinux_2_12_x86_64.manylinux2010_x86_64.whl", hash = "sha256:d15367ce87c8e9e09b0f989bfd72dc641bcd04ba091c68cd305312d00962addd"},
    {file = "aiohttp-3.8.1-cp39-cp39-musllinux_1_1_aarch64.whl", hash = "sha256:6c7cefb4b0640703eb1069835c02486669312bf2f12b48a748e0a7756d0de33d"},
    {file = "aiohttp-3.8.1-cp39-cp39-musllinux_1_1_i686.whl", hash = "sha256:71927042ed6365a09a98a6377501af5c9f0a4d38083652bcd2281a06a5976724"},
    {file = "aiohttp-3.8.1-cp39-cp39-musllinux_1_1_ppc64le.whl", hash = "sha256:28d490af82bc6b7ce53ff31337a18a10498303fe66f701ab65ef27e143c3b0ef"},
    {file = "aiohttp-3.8.1-cp39-cp39-musllinux_1_1_s390x.whl", hash = "sha256:b6613280ccedf24354406caf785db748bebbddcf31408b20c0b48cb86af76866"},
    {file = "aiohttp-3.8.1-cp39-cp39-musllinux_1_1_x86_64.whl", hash = "sha256:81e3d8c34c623ca4e36c46524a3530e99c0bc95ed068fd6e9b55cb721d408fb2"},
    {file = "aiohttp-3.8.1-cp39-cp39-win32.whl", hash = "sha256:7187a76598bdb895af0adbd2fb7474d7f6025d170bc0a1130242da817ce9e7d1"},
    {file = "aiohttp-3.8.1-cp39-cp39-win_amd64.whl", hash = "sha256:1c182cb873bc91b411e184dab7a2b664d4fea2743df0e4d57402f7f3fa644bac"},
    {file = "aiohttp-3.8.1.tar.gz", hash = "sha256:fc5471e1a54de15ef71c1bc6ebe80d4dc681ea600e68bfd1cbce40427f0b7578"},
]
aiohttp-cors = [
    {file = "aiohttp-cors-0.7.0.tar.gz", hash = "sha256:4d39c6d7100fd9764ed1caf8cebf0eb01bf5e3f24e2e073fda6234bc48b19f5d"},
    {file = "aiohttp_cors-0.7.0-py3-none-any.whl", hash = "sha256:0451ba59fdf6909d0e2cd21e4c0a43752bc0703d33fc78ae94d9d9321710193e"},
]
aioredis = [
    {file = "aioredis-2.0.1-py3-none-any.whl", hash = "sha256:9ac0d0b3b485d293b8ca1987e6de8658d7dafcca1cddfcd1d506cae8cdebfdd6"},
    {file = "aioredis-2.0.1.tar.gz", hash = "sha256:eaa51aaf993f2d71f54b70527c440437ba65340588afeb786cd87c55c89cd98e"},
]
aiosignal = [
    {file = "aiosignal-1.2.0-py3-none-any.whl", hash = "sha256:26e62109036cd181df6e6ad646f91f0dcfd05fe16d0cb924138ff2ab75d64e3a"},
    {file = "aiosignal-1.2.0.tar.gz", hash = "sha256:78ed67db6c7b7ced4f98e495e572106d5c432a93e1ddd1bf475e1dc05f5b7df2"},
]
appdirs = [
    {file = "appdirs-1.4.4-py2.py3-none-any.whl", hash = "sha256:a841dacd6b99318a741b166adb07e19ee71a274450e68237b4650ca1055ab128"},
    {file = "appdirs-1.4.4.tar.gz", hash = "sha256:7d5d0167b2b1ba821647616af46a749d1c653740dd0d2415100fe26e27afdf41"},
]
async-timeout = [
    {file = "async-timeout-4.0.2.tar.gz", hash = "sha256:2163e1640ddb52b7a8c80d0a67a08587e5d245cc9c553a74a847056bc2976b15"},
    {file = "async_timeout-4.0.2-py3-none-any.whl", hash = "sha256:8ca1e4fcf50d07413d66d1a5e416e42cfdf5851c981d679a09851a6853383b3c"},
]
asynctest = [
    {file = "asynctest-0.13.0-py3-none-any.whl", hash = "sha256:5da6118a7e6d6b54d83a8f7197769d046922a44d2a99c21382f0a6e4fadae676"},
    {file = "asynctest-0.13.0.tar.gz", hash = "sha256:c27862842d15d83e6a34eb0b2866c323880eb3a75e4485b079ea11748fd77fac"},
]
attrs = []
babel = [
    {file = "Babel-2.9.1-py2.py3-none-any.whl", hash = "sha256:ab49e12b91d937cd11f0b67cb259a57ab4ad2b59ac7a3b41d6c06c0ac5b0def9"},
    {file = "Babel-2.9.1.tar.gz", hash = "sha256:bc0c176f9f6a994582230df350aa6e05ba2ebe4b3ac317eab29d9be5d2768da0"},
]
black = [
    {file = "black-20.8b1.tar.gz", hash = "sha256:1c02557aa099101b9d21496f8a914e9ed2222ef70336404eeeac8edba836fbea"},
]
certifi = []
charset-normalizer = []
click = [
    {file = "click-8.1.3-py3-none-any.whl", hash = "sha256:bb4d8133cb15a609f44e8213d9b391b0809795062913b383c62be0ee95b1db48"},
    {file = "click-8.1.3.tar.gz", hash = "sha256:7682dc8afb30297001674575ea00d1814d808d6a36af415a82bd481d37ba7b8e"},
]
colorama = []
frozenlist = []
idna = [
    {file = "idna-3.3-py3-none-any.whl", hash = "sha256:84d9dd047ffa80596e0f246e2eab0b391788b0503584e8945f2368256d2735ff"},
    {file = "idna-3.3.tar.gz", hash = "sha256:9d643ff0a55b762d5cdb124b8eaa99c66322e2157b69160bc32796e824360e6d"},
]
importlib-metadata = []
multidict = [
    {file = "multidict-6.0.2-cp310-cp310-macosx_10_9_universal2.whl", hash = "sha256:0b9e95a740109c6047602f4db4da9949e6c5945cefbad34a1299775ddc9a62e2"},
    {file = "multidict-6.0.2-cp310-cp310-macosx_10_9_x86_64.whl", hash = "sha256:ac0e27844758d7177989ce406acc6a83c16ed4524ebc363c1f748cba184d89d3"},
    {file = "multidict-6.0.2-cp310-cp310-macosx_11_0_arm64.whl", hash = "sha256:041b81a5f6b38244b34dc18c7b6aba91f9cdaf854d9a39e5ff0b58e2b5773b9c"},
    {file = "multidict-6.0.2-cp310-cp310-manylinux_2_17_aarch64.manylinux2014_aarch64.whl", hash = "sha256:5fdda29a3c7e76a064f2477c9aab1ba96fd94e02e386f1e665bca1807fc5386f"},
    {file = "multidict-6.0.2-cp310-cp310-manylinux_2_17_ppc64le.manylinux2014_ppc64le.whl", hash = "sha256:3368bf2398b0e0fcbf46d85795adc4c259299fec50c1416d0f77c0a843a3eed9"},
    {file = "multidict-6.0.2-cp310-cp310-manylinux_2_17_s390x.manylinux2014_s390x.whl", hash = "sha256:f4f052ee022928d34fe1f4d2bc743f32609fb79ed9c49a1710a5ad6b2198db20"},
    {file = "multidict-6.0.2-cp310-cp310-manylinux_2_17_x86_64.manylinux2014_x86_64.whl", hash = "sha256:225383a6603c086e6cef0f2f05564acb4f4d5f019a4e3e983f572b8530f70c88"},
    {file = "multidict-6.0.2-cp310-cp310-manylinux_2_5_i686.manylinux1_i686.manylinux_2_17_i686.manylinux2014_i686.whl", hash = "sha256:50bd442726e288e884f7be9071016c15a8742eb689a593a0cac49ea093eef0a7"},
    {file = "multidict-6.0.2-cp310-cp310-musllinux_1_1_aarch64.whl", hash = "sha256:47e6a7e923e9cada7c139531feac59448f1f47727a79076c0b1ee80274cd8eee"},
    {file = "multidict-6.0.2-cp310-cp310-musllinux_1_1_i686.whl", hash = "sha256:0556a1d4ea2d949efe5fd76a09b4a82e3a4a30700553a6725535098d8d9fb672"},
    {file = "multidict-6.0.2-cp310-cp310-musllinux_1_1_ppc64le.whl", hash = "sha256:626fe10ac87851f4cffecee161fc6f8f9853f0f6f1035b59337a51d29ff3b4f9"},
    {file = "multidict-6.0.2-cp310-cp310-musllinux_1_1_s390x.whl", hash = "sha256:8064b7c6f0af936a741ea1efd18690bacfbae4078c0c385d7c3f611d11f0cf87"},
    {file = "multidict-6.0.2-cp310-cp310-musllinux_1_1_x86_64.whl", hash = "sha256:2d36e929d7f6a16d4eb11b250719c39560dd70545356365b494249e2186bc389"},
    {file = "multidict-6.0.2-cp310-cp310-win32.whl", hash = "sha256:fcb91630817aa8b9bc4a74023e4198480587269c272c58b3279875ed7235c293"},
    {file = "multidict-6.0.2-cp310-cp310-win_amd64.whl", hash = "sha256:8cbf0132f3de7cc6c6ce00147cc78e6439ea736cee6bca4f068bcf892b0fd658"},
    {file = "multidict-6.0.2-cp37-cp37m-macosx_10_9_x86_64.whl", hash = "sha256:05f6949d6169878a03e607a21e3b862eaf8e356590e8bdae4227eedadacf6e51"},
    {file = "multidict-6.0.2-cp37-cp37m-manylinux_2_17_aarch64.manylinux2014_aarch64.whl", hash = "sha256:e2c2e459f7050aeb7c1b1276763364884595d47000c1cddb51764c0d8976e608"},
    {file = "multidict-6.0.2-cp37-cp37m-manylinux_2_17_ppc64le.manylinux2014_ppc64le.whl", hash = "sha256:d0509e469d48940147e1235d994cd849a8f8195e0bca65f8f5439c56e17872a3"},
    {file = "multidict-6.0.2-cp37-cp37m-manylinux_2_17_s390x.manylinux2014_s390x.whl", hash = "sha256:514fe2b8d750d6cdb4712346a2c5084a80220821a3e91f3f71eec11cf8d28fd4"},
    {file = "multidict-6.0.2-cp37-cp37m-manylinux_2_17_x86_64.manylinux2014_x86_64.whl", hash = "sha256:19adcfc2a7197cdc3987044e3f415168fc5dc1f720c932eb1ef4f71a2067e08b"},
    {file = "multidict-6.0.2-cp37-cp37m-manylinux_2_5_i686.manylinux1_i686.manylinux_2_17_i686.manylinux2014_i686.whl", hash = "sha256:b9d153e7f1f9ba0b23ad1568b3b9e17301e23b042c23870f9ee0522dc5cc79e8"},
    {file = "multidict-6.0.2-cp37-cp37m-musllinux_1_1_aarch64.whl", hash = "sha256:aef9cc3d9c7d63d924adac329c33835e0243b5052a6dfcbf7732a921c6e918ba"},
    {file = "multidict-6.0.2-cp37-cp37m-musllinux_1_1_i686.whl", hash = "sha256:4571f1beddff25f3e925eea34268422622963cd8dc395bb8778eb28418248e43"},
    {file = "multidict-6.0.2-cp37-cp37m-musllinux_1_1_ppc64le.whl", hash = "sha256:d48b8ee1d4068561ce8033d2c344cf5232cb29ee1a0206a7b828c79cbc5982b8"},
    {file = "multidict-6.0.2-cp37-cp37m-musllinux_1_1_s390x.whl", hash = "sha256:45183c96ddf61bf96d2684d9fbaf6f3564d86b34cb125761f9a0ef9e36c1d55b"},
    {file = "multidict-6.0.2-cp37-cp37m-musllinux_1_1_x86_64.whl", hash = "sha256:75bdf08716edde767b09e76829db8c1e5ca9d8bb0a8d4bd94ae1eafe3dac5e15"},
    {file = "multidict-6.0.2-cp37-cp37m-win32.whl", hash = "sha256:a45e1135cb07086833ce969555df39149680e5471c04dfd6a915abd2fc3f6dbc"},
    {file = "multidict-6.0.2-cp37-cp37m-win_amd64.whl", hash = "sha256:6f3cdef8a247d1eafa649085812f8a310e728bdf3900ff6c434eafb2d443b23a"},
    {file = "multidict-6.0.2-cp38-cp38-macosx_10_9_universal2.whl", hash = "sha256:0327292e745a880459ef71be14e709aaea2f783f3537588fb4ed09b6c01bca60"},
    {file = "multidict-6.0.2-cp38-cp38-macosx_10_9_x86_64.whl", hash = "sha256:e875b6086e325bab7e680e4316d667fc0e5e174bb5611eb16b3ea121c8951b86"},
    {file = "multidict-6.0.2-cp38-cp38-macosx_11_0_arm64.whl", hash = "sha256:feea820722e69451743a3d56ad74948b68bf456984d63c1a92e8347b7b88452d"},
    {file = "multidict-6.0.2-cp38-cp38-manylinux_2_17_aarch64.manylinux2014_aarch64.whl", hash = "sha256:9cc57c68cb9139c7cd6fc39f211b02198e69fb90ce4bc4a094cf5fe0d20fd8b0"},
    {file = "multidict-6.0.2-cp38-cp38-manylinux_2_17_ppc64le.manylinux2014_ppc64le.whl", hash = "sha256:497988d6b6ec6ed6f87030ec03280b696ca47dbf0648045e4e1d28b80346560d"},
    {file = "multidict-6.0.2-cp38-cp38-manylinux_2_17_s390x.manylinux2014_s390x.whl", hash = "sha256:89171b2c769e03a953d5969b2f272efa931426355b6c0cb508022976a17fd376"},
    {file = "multidict-6.0.2-cp38-cp38-manylinux_2_17_x86_64.manylinux2014_x86_64.whl", hash = "sha256:684133b1e1fe91eda8fa7447f137c9490a064c6b7f392aa857bba83a28cfb693"},
    {file = "multidict-6.0.2-cp38-cp38-manylinux_2_5_i686.manylinux1_i686.manylinux_2_17_i686.manylinux2014_i686.whl", hash = "sha256:fd9fc9c4849a07f3635ccffa895d57abce554b467d611a5009ba4f39b78a8849"},
    {file = "multidict-6.0.2-cp38-cp38-musllinux_1_1_aarch64.whl", hash = "sha256:e07c8e79d6e6fd37b42f3250dba122053fddb319e84b55dd3a8d6446e1a7ee49"},
    {file = "multidict-6.0.2-cp38-cp38-musllinux_1_1_i686.whl", hash = "sha256:4070613ea2227da2bfb2c35a6041e4371b0af6b0be57f424fe2318b42a748516"},
    {file = "multidict-6.0.2-cp38-cp38-musllinux_1_1_ppc64le.whl", hash = "sha256:47fbeedbf94bed6547d3aa632075d804867a352d86688c04e606971595460227"},
    {file = "multidict-6.0.2-cp38-cp38-musllinux_1_1_s390x.whl", hash = "sha256:5774d9218d77befa7b70d836004a768fb9aa4fdb53c97498f4d8d3f67bb9cfa9"},
    {file = "multidict-6.0.2-cp38-cp38-musllinux_1_1_x86_64.whl", hash = "sha256:2957489cba47c2539a8eb7ab32ff49101439ccf78eab724c828c1a54ff3ff98d"},
    {file = "multidict-6.0.2-cp38-cp38-win32.whl", hash = "sha256:e5b20e9599ba74391ca0cfbd7b328fcc20976823ba19bc573983a25b32e92b57"},
    {file = "multidict-6.0.2-cp38-cp38-win_amd64.whl", hash = "sha256:8004dca28e15b86d1b1372515f32eb6f814bdf6f00952699bdeb541691091f96"},
    {file = "multidict-6.0.2-cp39-cp39-macosx_10_9_universal2.whl", hash = "sha256:2e4a0785b84fb59e43c18a015ffc575ba93f7d1dbd272b4cdad9f5134b8a006c"},
    {file = "multidict-6.0.2-cp39-cp39-macosx_10_9_x86_64.whl", hash = "sha256:6701bf8a5d03a43375909ac91b6980aea74b0f5402fbe9428fc3f6edf5d9677e"},
    {file = "multidict-6.0.2-cp39-cp39-macosx_11_0_arm64.whl", hash = "sha256:a007b1638e148c3cfb6bf0bdc4f82776cef0ac487191d093cdc316905e504071"},
    {file = "multidict-6.0.2-cp39-cp39-manylinux_2_17_aarch64.manylinux2014_aarch64.whl", hash = "sha256:07a017cfa00c9890011628eab2503bee5872f27144936a52eaab449be5eaf032"},
    {file = "multidict-6.0.2-cp39-cp39-manylinux_2_17_ppc64le.manylinux2014_ppc64le.whl", hash = "sha256:c207fff63adcdf5a485969131dc70e4b194327666b7e8a87a97fbc4fd80a53b2"},
    {file = "multidict-6.0.2-cp39-cp39-manylinux_2_17_s390x.manylinux2014_s390x.whl", hash = "sha256:373ba9d1d061c76462d74e7de1c0c8e267e9791ee8cfefcf6b0b2495762c370c"},
    {file = "multidict-6.0.2-cp39-cp39-manylinux_2_17_x86_64.manylinux2014_x86_64.whl", hash = "sha256:bfba7c6d5d7c9099ba21f84662b037a0ffd4a5e6b26ac07d19e423e6fdf965a9"},
    {file = "multidict-6.0.2-cp39-cp39-manylinux_2_5_i686.manylinux1_i686.manylinux_2_17_i686.manylinux2014_i686.whl", hash = "sha256:19d9bad105dfb34eb539c97b132057a4e709919ec4dd883ece5838bcbf262b80"},
    {file = "multidict-6.0.2-cp39-cp39-musllinux_1_1_aarch64.whl", hash = "sha256:de989b195c3d636ba000ee4281cd03bb1234635b124bf4cd89eeee9ca8fcb09d"},
    {file = "multidict-6.0.2-cp39-cp39-musllinux_1_1_i686.whl", hash = "sha256:7c40b7bbece294ae3a87c1bc2abff0ff9beef41d14188cda94ada7bcea99b0fb"},
    {file = "multidict-6.0.2-cp39-cp39-musllinux_1_1_ppc64le.whl", hash = "sha256:d16cce709ebfadc91278a1c005e3c17dd5f71f5098bfae1035149785ea6e9c68"},
    {file = "multidict-6.0.2-cp39-cp39-musllinux_1_1_s390x.whl", hash = "sha256:a2c34a93e1d2aa35fbf1485e5010337c72c6791407d03aa5f4eed920343dd360"},
    {file = "multidict-6.0.2-cp39-cp39-musllinux_1_1_x86_64.whl", hash = "sha256:feba80698173761cddd814fa22e88b0661e98cb810f9f986c54aa34d281e4937"},
    {file = "multidict-6.0.2-cp39-cp39-win32.whl", hash = "sha256:23b616fdc3c74c9fe01d76ce0d1ce872d2d396d8fa8e4899398ad64fb5aa214a"},
    {file = "multidict-6.0.2-cp39-cp39-win_amd64.whl", hash = "sha256:4bae31803d708f6f15fd98be6a6ac0b6958fcf68fda3c77a048a4f9073704aae"},
    {file = "multidict-6.0.2.tar.gz", hash = "sha256:5ff3bd75f38e4c43f1f470f2df7a4d430b821c4ce22be384e1459cb57d6bb013"},
]
mypy-extensions = [
    {file = "mypy_extensions-0.4.3-py2.py3-none-any.whl", hash = "sha256:090fedd75945a69ae91ce1303b5824f428daf5a028d2f6ab8a299250a846f15d"},
    {file = "mypy_extensions-0.4.3.tar.gz", hash = "sha256:2d82818f5bb3e369420cb3c4060a7970edba416647068eb4c5343488a6c604a8"},
]
pathspec = [
    {file = "pathspec-0.9.0-py2.py3-none-any.whl", hash = "sha256:7d15c4ddb0b5c802d161efc417ec1a2558ea2653c2e8ad9c19098201dc1c993a"},
    {file = "pathspec-0.9.0.tar.gz", hash = "sha256:e564499435a2673d586f6b2130bb5b95f04a3ba06f81b8f895b651a3c76aabb1"},
]
pymongo = []
pytz = [
    {file = "pytz-2022.1-py2.py3-none-any.whl", hash = "sha256:e68985985296d9a66a881eb3193b0906246245294a881e7c8afe623866ac6a5c"},
    {file = "pytz-2022.1.tar.gz", hash = "sha256:1e760e2fe6a8163bc0b3d9a19c4f84342afa0a2affebfaa84b01b978a02ecaa7"},
]
regex = []
toml = [
    {file = "toml-0.10.2-py2.py3-none-any.whl", hash = "sha256:806143ae5bfb6a3c6e736a764057db0e6a0e05e338b5630894a5f779cabb4f9b"},
    {file = "toml-0.10.2.tar.gz", hash = "sha256:b3bda1d108d5dd99f4a20d24d9c348e91c4db7ab1b749200bded2f839ccbe68f"},
]
typed-ast = []
typing-extensions = []
yarl = []
zipp = []
